// !$*UTF8*$!
{
	archiveVersion = 1;
	classes = {
	};
	objectVersion = 54;
	objects = {

/* Begin PBXBuildFile section */
		4F8FD09ABA11C30D176BE134 /* Pods_NvShortVideo.framework in Frameworks */ = {isa = PBXBuildFile; fileRef = 7AF798D9A2081F6A7053D728 /* Pods_NvShortVideo.framework */; };
		D9AD740E2783E62700916807 /* AppDelegate.m in Sources */ = {isa = PBXBuildFile; fileRef = D9AD740D2783E62700916807 /* AppDelegate.m */; };
		D9AD74172783E62700916807 /* Main.storyboard in Resources */ = {isa = PBXBuildFile; fileRef = D9AD74152783E62700916807 /* Main.storyboard */; };
		D9AD74192783E62D00916807 /* Assets.xcassets in Resources */ = {isa = PBXBuildFile; fileRef = D9AD74182783E62D00916807 /* Assets.xcassets */; };
		D9AD741C2783E62D00916807 /* LaunchScreen.storyboard in Resources */ = {isa = PBXBuildFile; fileRef = D9AD741A2783E62D00916807 /* LaunchScreen.storyboard */; };
		D9AD741F2783E62D00916807 /* main.m in Sources */ = {isa = PBXBuildFile; fileRef = D9AD741E2783E62D00916807 /* main.m */; };
		D9AD74332783E8C100916807 /* NvRootViewController.m in Sources */ = {isa = PBXBuildFile; fileRef = D9AD74302783E8C100916807 /* NvRootViewController.m */; };
		D9AD74432783EBD800916807 /* InfoPlist.strings in Resources */ = {isa = PBXBuildFile; fileRef = D9AD74452783EBD800916807 /* InfoPlist.strings */; };
		DD1A0B832B8838CC0046DB86 /* meicam_licence.lic in Resources */ = {isa = PBXBuildFile; fileRef = DD1A0B812B8838CC0046DB86 /* meicam_licence.lic */; };
		DD81386F27C8DB9A00493894 /* NvDraftListViewController.m in Sources */ = {isa = PBXBuildFile; fileRef = DD81386E27C8DB9A00493894 /* NvDraftListViewController.m */; };
		DDF9CE1D27C4808D00B97670 /* Localizable.strings in Resources */ = {isa = PBXBuildFile; fileRef = DDF9CE1F27C4808D00B97670 /* Localizable.strings */; };
		DDF9CE2727C4C3EC00B97670 /* NvPublicViewController.m in Sources */ = {isa = PBXBuildFile; fileRef = DDF9CE2627C4C3EC00B97670 /* NvPublicViewController.m */; };
/* End PBXBuildFile section */

/* Begin PBXFileReference section */
		0C1249862BA8103B0054EE2C /* NvHttpRequestUtlHeader.h */ = {isa = PBXFileReference; lastKnownFileType = sourcecode.c.h; path = NvHttpRequestUtlHeader.h; sourceTree = "<group>"; };
		0C2C17312B8744EF009DB210 /* NvStreamingSdkCore.framework */ = {isa = PBXFileReference; lastKnownFileType = wrapper.framework; name = NvStreamingSdkCore.framework; path = ../lib/NvStreamingSdkCore.framework; sourceTree = "<group>"; };
		0C372AF12BC3EA9400F08E37 /* MNN.framework */ = {isa = PBXFileReference; lastKnownFileType = wrapper.framework; name = MNN.framework; path = ../lib/MNN.framework; sourceTree = "<group>"; };
		585C69232A712B3D00BB945E /* NvShortVideoCore.framework */ = {isa = PBXFileReference; explicitFileType = wrapper.framework; path = NvShortVideoCore.framework; sourceTree = BUILT_PRODUCTS_DIR; };
		7AF798D9A2081F6A7053D728 /* Pods_NvShortVideo.framework */ = {isa = PBXFileReference; explicitFileType = wrapper.framework; includeInIndex = 0; path = Pods_NvShortVideo.framework; sourceTree = BUILT_PRODUCTS_DIR; };
		831833DAF4B546C4EDA865D5 /* Pods-NvShortVideoSwift.debug.xcconfig */ = {isa = PBXFileReference; includeInIndex = 1; lastKnownFileType = text.xcconfig; name = "Pods-NvShortVideoSwift.debug.xcconfig"; path = "Target Support Files/Pods-NvShortVideoSwift/Pods-NvShortVideoSwift.debug.xcconfig"; sourceTree = "<group>"; };
		A4BFB49AFF545043EC9AB2F7 /* Pods-NvShortVideoSwift.release.xcconfig */ = {isa = PBXFileReference; includeInIndex = 1; lastKnownFileType = text.xcconfig; name = "Pods-NvShortVideoSwift.release.xcconfig"; path = "Target Support Files/Pods-NvShortVideoSwift/Pods-NvShortVideoSwift.release.xcconfig"; sourceTree = "<group>"; };
		BF5C4D801B963DD082A11938 /* Pods-NvShortVideo.release.xcconfig */ = {isa = PBXFileReference; includeInIndex = 1; lastKnownFileType = text.xcconfig; name = "Pods-NvShortVideo.release.xcconfig"; path = "Target Support Files/Pods-NvShortVideo/Pods-NvShortVideo.release.xcconfig"; sourceTree = "<group>"; };
		D9AD74092783E62700916807 /* NvShortVideo.app */ = {isa = PBXFileReference; explicitFileType = wrapper.application; includeInIndex = 0; path = NvShortVideo.app; sourceTree = BUILT_PRODUCTS_DIR; };
		D9AD740C2783E62700916807 /* AppDelegate.h */ = {isa = PBXFileReference; lastKnownFileType = sourcecode.c.h; path = AppDelegate.h; sourceTree = "<group>"; };
		D9AD740D2783E62700916807 /* AppDelegate.m */ = {isa = PBXFileReference; lastKnownFileType = sourcecode.c.objc; path = AppDelegate.m; sourceTree = "<group>"; };
		D9AD74162783E62700916807 /* Base */ = {isa = PBXFileReference; lastKnownFileType = file.storyboard; name = Base; path = Base.lproj/Main.storyboard; sourceTree = "<group>"; };
		D9AD74182783E62D00916807 /* Assets.xcassets */ = {isa = PBXFileReference; lastKnownFileType = folder.assetcatalog; path = Assets.xcassets; sourceTree = "<group>"; };
		D9AD741B2783E62D00916807 /* Base */ = {isa = PBXFileReference; lastKnownFileType = file.storyboard; name = Base; path = Base.lproj/LaunchScreen.storyboard; sourceTree = "<group>"; };
		D9AD741D2783E62D00916807 /* Info.plist */ = {isa = PBXFileReference; lastKnownFileType = text.plist.xml; path = Info.plist; sourceTree = "<group>"; };
		D9AD741E2783E62D00916807 /* main.m */ = {isa = PBXFileReference; lastKnownFileType = sourcecode.c.objc; path = main.m; sourceTree = "<group>"; };
		D9AD742E2783E8C100916807 /* NvRootViewController.h */ = {isa = PBXFileReference; fileEncoding = 4; lastKnownFileType = sourcecode.c.h; path = NvRootViewController.h; sourceTree = "<group>"; };
		D9AD74302783E8C100916807 /* NvRootViewController.m */ = {isa = PBXFileReference; fileEncoding = 4; lastKnownFileType = sourcecode.c.objc; path = NvRootViewController.m; sourceTree = "<group>"; };
		D9AD74412783EBCE00916807 /* zh-Hans */ = {isa = PBXFileReference; lastKnownFileType = text.plist.strings; name = "zh-Hans"; path = "zh-Hans.lproj/Main.strings"; sourceTree = "<group>"; };
		D9AD74422783EBCF00916807 /* zh-Hans */ = {isa = PBXFileReference; lastKnownFileType = text.plist.strings; name = "zh-Hans"; path = "zh-Hans.lproj/LaunchScreen.strings"; sourceTree = "<group>"; };
		D9AD74442783EBD800916807 /* en */ = {isa = PBXFileReference; lastKnownFileType = text.plist.strings; name = en; path = en.lproj/InfoPlist.strings; sourceTree = "<group>"; };
		D9AD74462783EBDC00916807 /* zh-Hans */ = {isa = PBXFileReference; lastKnownFileType = text.plist.strings; name = "zh-Hans"; path = "zh-Hans.lproj/InfoPlist.strings"; sourceTree = "<group>"; };
		D9B76F1C278418BC008DF7A3 /* en */ = {isa = PBXFileReference; lastKnownFileType = text.plist.strings; name = en; path = en.lproj/LaunchScreen.strings; sourceTree = "<group>"; };
		D9B76F1E27841903008DF7A3 /* en */ = {isa = PBXFileReference; lastKnownFileType = text.plist.strings; name = en; path = en.lproj/Main.strings; sourceTree = "<group>"; };
		D9F78E01283C7E2F001A2809 /* NvShortVideoCore.framework */ = {isa = PBXFileReference; explicitFileType = wrapper.framework; path = NvShortVideoCore.framework; sourceTree = BUILT_PRODUCTS_DIR; };
		DD1A0B812B8838CC0046DB86 /* meicam_licence.lic */ = {isa = PBXFileReference; lastKnownFileType = file; path = meicam_licence.lic; sourceTree = "<group>"; };
		DD2812862B8C88B50076BEA2 /* NvTemplate.framework */ = {isa = PBXFileReference; explicitFileType = wrapper.framework; path = NvTemplate.framework; sourceTree = BUILT_PRODUCTS_DIR; };
		DD81386D27C8DB9A00493894 /* NvDraftListViewController.h */ = {isa = PBXFileReference; lastKnownFileType = sourcecode.c.h; path = NvDraftListViewController.h; sourceTree = "<group>"; };
		DD81386E27C8DB9A00493894 /* NvDraftListViewController.m */ = {isa = PBXFileReference; lastKnownFileType = sourcecode.c.objc; path = NvDraftListViewController.m; sourceTree = "<group>"; };
		DDEED4802C005EAD00BE9F9E /* AWSSpeechRecognizer.h */ = {isa = PBXFileReference; fileEncoding = 4; lastKnownFileType = sourcecode.c.h; path = AWSSpeechRecognizer.h; sourceTree = "<group>"; };
		DDEED4812C005EAD00BE9F9E /* AWSSpeechRecognizer.m */ = {isa = PBXFileReference; fileEncoding = 4; lastKnownFileType = sourcecode.c.objc; path = AWSSpeechRecognizer.m; sourceTree = "<group>"; };
		DDEED4822C005EAD00BE9F9E /* BDSpeechRecognizer.h */ = {isa = PBXFileReference; fileEncoding = 4; lastKnownFileType = sourcecode.c.h; path = BDSpeechRecognizer.h; sourceTree = "<group>"; };
		DDEED4832C005EAD00BE9F9E /* BDSpeechRecognizer.m */ = {isa = PBXFileReference; fileEncoding = 4; lastKnownFileType = sourcecode.c.objc; path = BDSpeechRecognizer.m; sourceTree = "<group>"; };
		DDEED4842C005EAD00BE9F9E /* NvQCloudFileRecognizer.h */ = {isa = PBXFileReference; fileEncoding = 4; lastKnownFileType = sourcecode.c.h; path = NvQCloudFileRecognizer.h; sourceTree = "<group>"; };
		DDEED4852C005EAD00BE9F9E /* NvQCloudFileRecognizer.m */ = {isa = PBXFileReference; fileEncoding = 4; lastKnownFileType = sourcecode.c.objc; path = NvQCloudFileRecognizer.m; sourceTree = "<group>"; };
		DDEED4862C005EAD00BE9F9E /* NvSpeechRecognizer.h */ = {isa = PBXFileReference; fileEncoding = 4; lastKnownFileType = sourcecode.c.h; path = NvSpeechRecognizer.h; sourceTree = "<group>"; };
		DDEED4872C005EAD00BE9F9E /* NvSpeechRecognizer.m */ = {isa = PBXFileReference; fileEncoding = 4; lastKnownFileType = sourcecode.c.objc; path = NvSpeechRecognizer.m; sourceTree = "<group>"; };
		DDF9CE1E27C4808D00B97670 /* en */ = {isa = PBXFileReference; lastKnownFileType = text.plist.strings; name = en; path = en.lproj/Localizable.strings; sourceTree = "<group>"; };
		DDF9CE2027C4809000B97670 /* zh-Hans */ = {isa = PBXFileReference; lastKnownFileType = text.plist.strings; name = "zh-Hans"; path = "zh-Hans.lproj/Localizable.strings"; sourceTree = "<group>"; };
		DDF9CE2527C4C3EC00B97670 /* NvPublicViewController.h */ = {isa = PBXFileReference; lastKnownFileType = sourcecode.c.h; path = NvPublicViewController.h; sourceTree = "<group>"; };
		DDF9CE2627C4C3EC00B97670 /* NvPublicViewController.m */ = {isa = PBXFileReference; lastKnownFileType = sourcecode.c.objc; path = NvPublicViewController.m; sourceTree = "<group>"; };
		E83B42FF7EA99216A3463B8F /* Pods-NvShortVideo.debug.xcconfig */ = {isa = PBXFileReference; includeInIndex = 1; lastKnownFileType = text.xcconfig; name = "Pods-NvShortVideo.debug.xcconfig"; path = "Target Support Files/Pods-NvShortVideo/Pods-NvShortVideo.debug.xcconfig"; sourceTree = "<group>"; };
/* End PBXFileReference section */

/* Begin PBXFrameworksBuildPhase section */
		D9AD74062783E62700916807 /* Frameworks */ = {
			isa = PBXFrameworksBuildPhase;
			buildActionMask = 2147483647;
			files = (
				4F8FD09ABA11C30D176BE134 /* Pods_NvShortVideo.framework in Frameworks */,
			);
			runOnlyForDeploymentPostprocessing = 0;
		};
/* End PBXFrameworksBuildPhase section */

/* Begin PBXGroup section */
		B5678CE69835850BCDBCC2C1 /* Pods */ = {
			isa = PBXGroup;
			children = (
				E83B42FF7EA99216A3463B8F /* Pods-NvShortVideo.debug.xcconfig */,
				BF5C4D801B963DD082A11938 /* Pods-NvShortVideo.release.xcconfig */,
				831833DAF4B546C4EDA865D5 /* Pods-NvShortVideoSwift.debug.xcconfig */,
				A4BFB49AFF545043EC9AB2F7 /* Pods-NvShortVideoSwift.release.xcconfig */,
			);
			path = Pods;
			sourceTree = "<group>";
		};
		D9AD74002783E62700916807 = {
			isa = PBXGroup;
			children = (
				D9AD740B2783E62700916807 /* NvShortVideo */,
				D9AD740A2783E62700916807 /* Products */,
				D9AD74372783EA0000916807 /* Frameworks */,
				B5678CE69835850BCDBCC2C1 /* Pods */,
			);
			sourceTree = "<group>";
		};
		D9AD740A2783E62700916807 /* Products */ = {
			isa = PBXGroup;
			children = (
				D9AD74092783E62700916807 /* NvShortVideo.app */,
			);
			name = Products;
			sourceTree = "<group>";
		};
		D9AD740B2783E62700916807 /* NvShortVideo */ = {
			isa = PBXGroup;
			children = (
				DDEED4882C005EAD00BE9F9E /* RecognitionProvider */,
				DD1A0B812B8838CC0046DB86 /* meicam_licence.lic */,
				0C1249862BA8103B0054EE2C /* NvHttpRequestUtlHeader.h */,
				D9AD740C2783E62700916807 /* AppDelegate.h */,
				D9AD740D2783E62700916807 /* AppDelegate.m */,
				D9AD742E2783E8C100916807 /* NvRootViewController.h */,
				D9AD74302783E8C100916807 /* NvRootViewController.m */,
				DD81386D27C8DB9A00493894 /* NvDraftListViewController.h */,
				DD81386E27C8DB9A00493894 /* NvDraftListViewController.m */,
				DDF9CE2527C4C3EC00B97670 /* NvPublicViewController.h */,
				DDF9CE2627C4C3EC00B97670 /* NvPublicViewController.m */,
				DDF9CE1F27C4808D00B97670 /* Localizable.strings */,
				D9AD74152783E62700916807 /* Main.storyboard */,
				D9AD74182783E62D00916807 /* Assets.xcassets */,
				D9AD741A2783E62D00916807 /* LaunchScreen.storyboard */,
				D9AD741D2783E62D00916807 /* Info.plist */,
				D9AD74452783EBD800916807 /* InfoPlist.strings */,
				D9AD741E2783E62D00916807 /* main.m */,
			);
			path = NvShortVideo;
			sourceTree = "<group>";
		};
		D9AD74372783EA0000916807 /* Frameworks */ = {
			isa = PBXGroup;
			children = (
				0C372AF12BC3EA9400F08E37 /* MNN.framework */,
				DD2812862B8C88B50076BEA2 /* NvTemplate.framework */,
				0C2C17312B8744EF009DB210 /* NvStreamingSdkCore.framework */,
				585C69232A712B3D00BB945E /* NvShortVideoCore.framework */,
				D9F78E01283C7E2F001A2809 /* NvShortVideoCore.framework */,
				7AF798D9A2081F6A7053D728 /* Pods_NvShortVideo.framework */,
			);
			name = Frameworks;
			sourceTree = "<group>";
		};
		DDEED4882C005EAD00BE9F9E /* RecognitionProvider */ = {
			isa = PBXGroup;
			children = (
				DDEED4802C005EAD00BE9F9E /* AWSSpeechRecognizer.h */,
				DDEED4812C005EAD00BE9F9E /* AWSSpeechRecognizer.m */,
				DDEED4822C005EAD00BE9F9E /* BDSpeechRecognizer.h */,
				DDEED4832C005EAD00BE9F9E /* BDSpeechRecognizer.m */,
				DDEED4842C005EAD00BE9F9E /* NvQCloudFileRecognizer.h */,
				DDEED4852C005EAD00BE9F9E /* NvQCloudFileRecognizer.m */,
				DDEED4862C005EAD00BE9F9E /* NvSpeechRecognizer.h */,
				DDEED4872C005EAD00BE9F9E /* NvSpeechRecognizer.m */,
			);
			path = RecognitionProvider;
			sourceTree = "<group>";
		};
/* End PBXGroup section */

/* Begin PBXNativeTarget section */
		D9AD74082783E62700916807 /* NvShortVideo */ = {
			isa = PBXNativeTarget;
			buildConfigurationList = D9AD74222783E62D00916807 /* Build configuration list for PBXNativeTarget "NvShortVideo" */;
			buildPhases = (
				C45E7CB20CF470AE0B0757F1 /* [CP] Check Pods Manifest.lock */,
				D9A51CAC27F6D30400EC309A /* ShellScript */,
				D9AD74052783E62700916807 /* Sources */,
				D9AD74062783E62700916807 /* Frameworks */,
				D9AD74072783E62700916807 /* Resources */,
				E93E723B42FCCB5C01869FBC /* [CP] Embed Pods Frameworks */,
			);
			buildRules = (
			);
			dependencies = (
			);
			name = NvShortVideo;
			productName = NvShortVideo;
			productReference = D9AD74092783E62700916807 /* NvShortVideo.app */;
			productType = "com.apple.product-type.application";
		};
/* End PBXNativeTarget section */

/* Begin PBXProject section */
		D9AD74012783E62700916807 /* Project object */ = {
			isa = PBXProject;
			attributes = {
				LastSwiftUpdateCheck = 1430;
				LastUpgradeCheck = 1300;
				TargetAttributes = {
					D9AD74082783E62700916807 = {
						CreatedOnToolsVersion = 13.0;
					};
				};
			};
			buildConfigurationList = D9AD74042783E62700916807 /* Build configuration list for PBXProject "NvShortVideo" */;
			compatibilityVersion = "Xcode 9.3";
			developmentRegion = en;
			hasScannedForEncodings = 0;
			knownRegions = (
				en,
				Base,
				"zh-Hans",
			);
			mainGroup = D9AD74002783E62700916807;
			productRefGroup = D9AD740A2783E62700916807 /* Products */;
			projectDirPath = "";
			projectRoot = "";
			targets = (
				D9AD74082783E62700916807 /* NvShortVideo */,
			);
		};
/* End PBXProject section */

/* Begin PBXResourcesBuildPhase section */
		D9AD74072783E62700916807 /* Resources */ = {
			isa = PBXResourcesBuildPhase;
			buildActionMask = 2147483647;
			files = (
				DD1A0B832B8838CC0046DB86 /* meicam_licence.lic in Resources */,
				D9AD741C2783E62D00916807 /* LaunchScreen.storyboard in Resources */,
				D9AD74432783EBD800916807 /* InfoPlist.strings in Resources */,
				D9AD74192783E62D00916807 /* Assets.xcassets in Resources */,
				DDF9CE1D27C4808D00B97670 /* Localizable.strings in Resources */,
				D9AD74172783E62700916807 /* Main.storyboard in Resources */,
			);
			runOnlyForDeploymentPostprocessing = 0;
		};
/* End PBXResourcesBuildPhase section */

/* Begin PBXShellScriptBuildPhase section */
		C45E7CB20CF470AE0B0757F1 /* [CP] Check Pods Manifest.lock */ = {
			isa = PBXShellScriptBuildPhase;
			buildActionMask = 2147483647;
			files = (
			);
			inputFileListPaths = (
			);
			inputPaths = (
				"${PODS_PODFILE_DIR_PATH}/Podfile.lock",
				"${PODS_ROOT}/Manifest.lock",
			);
			name = "[CP] Check Pods Manifest.lock";
			outputFileListPaths = (
			);
			outputPaths = (
				"$(DERIVED_FILE_DIR)/Pods-NvShortVideo-checkManifestLockResult.txt",
			);
			runOnlyForDeploymentPostprocessing = 0;
			shellPath = /bin/sh;
			shellScript = "diff \"${PODS_PODFILE_DIR_PATH}/Podfile.lock\" \"${PODS_ROOT}/Manifest.lock\" > /dev/null\nif [ $? != 0 ] ; then\n    # print error to STDERR\n    echo \"error: The sandbox is not in sync with the Podfile.lock. Run 'pod install' or update your CocoaPods installation.\" >&2\n    exit 1\nfi\n# This output is used by Xcode 'outputs' to avoid re-running this script phase.\necho \"SUCCESS\" > \"${SCRIPT_OUTPUT_FILE_0}\"\n";
			showEnvVarsInLog = 0;
		};
		D9A51CAC27F6D30400EC309A /* ShellScript */ = {
			isa = PBXShellScriptBuildPhase;
			buildActionMask = 2147483647;
			files = (
			);
			inputFileListPaths = (
			);
			inputPaths = (
			);
			outputFileListPaths = (
			);
			outputPaths = (
			);
			runOnlyForDeploymentPostprocessing = 0;
			shellPath = /bin/sh;
			shellScript = "# Type a script or drag a script file from your workspace to insert its path.\n\n";
		};
		E93E723B42FCCB5C01869FBC /* [CP] Embed Pods Frameworks */ = {
			isa = PBXShellScriptBuildPhase;
			buildActionMask = 2147483647;
			files = (
			);
			inputFileListPaths = (
				"${PODS_ROOT}/Target Support Files/Pods-NvShortVideo/Pods-NvShortVideo-frameworks-${CONFIGURATION}-input-files.xcfilelist",
			);
			name = "[CP] Embed Pods Frameworks";
			outputFileListPaths = (
				"${PODS_ROOT}/Target Support Files/Pods-NvShortVideo/Pods-NvShortVideo-frameworks-${CONFIGURATION}-output-files.xcfilelist",
			);
			runOnlyForDeploymentPostprocessing = 0;
			shellPath = /bin/sh;
			shellScript = "\"${PODS_ROOT}/Target Support Files/Pods-NvShortVideo/Pods-NvShortVideo-frameworks.sh\"\n";
			showEnvVarsInLog = 0;
		};
/* End PBXShellScriptBuildPhase section */

/* Begin PBXSourcesBuildPhase section */
		D9AD74052783E62700916807 /* Sources */ = {
			isa = PBXSourcesBuildPhase;
			buildActionMask = 2147483647;
			files = (
				D9AD74332783E8C100916807 /* NvRootViewController.m in Sources */,
				DDF9CE2727C4C3EC00B97670 /* NvPublicViewController.m in Sources */,
				DD81386F27C8DB9A00493894 /* NvDraftListViewController.m in Sources */,
				D9AD740E2783E62700916807 /* AppDelegate.m in Sources */,
				D9AD741F2783E62D00916807 /* main.m in Sources */,
			);
			runOnlyForDeploymentPostprocessing = 0;
		};
/* End PBXSourcesBuildPhase section */

/* Begin PBXVariantGroup section */
		D9AD74152783E62700916807 /* Main.storyboard */ = {
			isa = PBXVariantGroup;
			children = (
				D9AD74162783E62700916807 /* Base */,
				D9AD74412783EBCE00916807 /* zh-Hans */,
				D9B76F1E27841903008DF7A3 /* en */,
			);
			name = Main.storyboard;
			sourceTree = "<group>";
		};
		D9AD741A2783E62D00916807 /* LaunchScreen.storyboard */ = {
			isa = PBXVariantGroup;
			children = (
				D9AD741B2783E62D00916807 /* Base */,
				D9AD74422783EBCF00916807 /* zh-Hans */,
				D9B76F1C278418BC008DF7A3 /* en */,
			);
			name = LaunchScreen.storyboard;
			sourceTree = "<group>";
		};
		D9AD74452783EBD800916807 /* InfoPlist.strings */ = {
			isa = PBXVariantGroup;
			children = (
				D9AD74442783EBD800916807 /* en */,
				D9AD74462783EBDC00916807 /* zh-Hans */,
			);
			name = InfoPlist.strings;
			sourceTree = "<group>";
		};
		DDF9CE1F27C4808D00B97670 /* Localizable.strings */ = {
			isa = PBXVariantGroup;
			children = (
				DDF9CE1E27C4808D00B97670 /* en */,
				DDF9CE2027C4809000B97670 /* zh-Hans */,
			);
			name = Localizable.strings;
			sourceTree = "<group>";
		};
/* End PBXVariantGroup section */

/* Begin XCBuildConfiguration section */
		D9AD74202783E62D00916807 /* Debug */ = {
			isa = XCBuildConfiguration;
			buildSettings = {
				ALWAYS_SEARCH_USER_PATHS = NO;
				CLANG_ANALYZER_LOCALIZABILITY_NONLOCALIZED = YES;
				CLANG_ANALYZER_NONNULL = YES;
				CLANG_ANALYZER_NUMBER_OBJECT_CONVERSION = YES_AGGRESSIVE;
				CLANG_CXX_LANGUAGE_STANDARD = "gnu++17";
				CLANG_CXX_LIBRARY = "libc++";
				CLANG_ENABLE_MODULES = YES;
				CLANG_ENABLE_OBJC_ARC = YES;
				CLANG_ENABLE_OBJC_WEAK = YES;
				CLANG_WARN_BLOCK_CAPTURE_AUTORELEASING = YES;
				CLANG_WARN_BOOL_CONVERSION = YES;
				CLANG_WARN_COMMA = YES;
				CLANG_WARN_CONSTANT_CONVERSION = YES;
				CLANG_WARN_DEPRECATED_OBJC_IMPLEMENTATIONS = YES;
				CLANG_WARN_DIRECT_OBJC_ISA_USAGE = YES_ERROR;
				CLANG_WARN_DOCUMENTATION_COMMENTS = YES;
				CLANG_WARN_EMPTY_BODY = YES;
				CLANG_WARN_ENUM_CONVERSION = YES;
				CLANG_WARN_INFINITE_RECURSION = YES;
				CLANG_WARN_INT_CONVERSION = YES;
				CLANG_WARN_NON_LITERAL_NULL_CONVERSION = YES;
				CLANG_WARN_OBJC_IMPLICIT_RETAIN_SELF = YES;
				CLANG_WARN_OBJC_LITERAL_CONVERSION = YES;
				CLANG_WARN_OBJC_ROOT_CLASS = YES_ERROR;
				CLANG_WARN_QUOTED_INCLUDE_IN_FRAMEWORK_HEADER = YES;
				CLANG_WARN_RANGE_LOOP_ANALYSIS = YES;
				CLANG_WARN_STRICT_PROTOTYPES = YES;
				CLANG_WARN_SUSPICIOUS_MOVE = YES;
				CLANG_WARN_UNGUARDED_AVAILABILITY = YES_AGGRESSIVE;
				CLANG_WARN_UNREACHABLE_CODE = YES;
				CLANG_WARN__DUPLICATE_METHOD_MATCH = YES;
				COPY_PHASE_STRIP = NO;
				DEBUG_INFORMATION_FORMAT = dwarf;
				ENABLE_STRICT_OBJC_MSGSEND = YES;
				ENABLE_TESTABILITY = YES;
				GCC_C_LANGUAGE_STANDARD = gnu11;
				GCC_DYNAMIC_NO_PIC = NO;
				GCC_NO_COMMON_BLOCKS = YES;
				GCC_OPTIMIZATION_LEVEL = 0;
				GCC_PREPROCESSOR_DEFINITIONS = (
					"DEBUG=1",
					"$(inherited)",
				);
				GCC_WARN_64_TO_32_BIT_CONVERSION = YES;
				GCC_WARN_ABOUT_RETURN_TYPE = YES_ERROR;
				GCC_WARN_UNDECLARED_SELECTOR = YES;
				GCC_WARN_UNINITIALIZED_AUTOS = YES_AGGRESSIVE;
				GCC_WARN_UNUSED_FUNCTION = YES;
				GCC_WARN_UNUSED_VARIABLE = YES;
				IPHONEOS_DEPLOYMENT_TARGET = 12.0;
				MTL_ENABLE_DEBUG_INFO = INCLUDE_SOURCE;
				MTL_FAST_MATH = YES;
				ONLY_ACTIVE_ARCH = YES;
				SDKROOT = iphoneos;
			};
			name = Debug;
		};
		D9AD74212783E62D00916807 /* Release */ = {
			isa = XCBuildConfiguration;
			buildSettings = {
				ALWAYS_SEARCH_USER_PATHS = NO;
				CLANG_ANALYZER_LOCALIZABILITY_NONLOCALIZED = YES;
				CLANG_ANALYZER_NONNULL = YES;
				CLANG_ANALYZER_NUMBER_OBJECT_CONVERSION = YES_AGGRESSIVE;
				CLANG_CXX_LANGUAGE_STANDARD = "gnu++17";
				CLANG_CXX_LIBRARY = "libc++";
				CLANG_ENABLE_MODULES = YES;
				CLANG_ENABLE_OBJC_ARC = YES;
				CLANG_ENABLE_OBJC_WEAK = YES;
				CLANG_WARN_BLOCK_CAPTURE_AUTORELEASING = YES;
				CLANG_WARN_BOOL_CONVERSION = YES;
				CLANG_WARN_COMMA = YES;
				CLANG_WARN_CONSTANT_CONVERSION = YES;
				CLANG_WARN_DEPRECATED_OBJC_IMPLEMENTATIONS = YES;
				CLANG_WARN_DIRECT_OBJC_ISA_USAGE = YES_ERROR;
				CLANG_WARN_DOCUMENTATION_COMMENTS = YES;
				CLANG_WARN_EMPTY_BODY = YES;
				CLANG_WARN_ENUM_CONVERSION = YES;
				CLANG_WARN_INFINITE_RECURSION = YES;
				CLANG_WARN_INT_CONVERSION = YES;
				CLANG_WARN_NON_LITERAL_NULL_CONVERSION = YES;
				CLANG_WARN_OBJC_IMPLICIT_RETAIN_SELF = YES;
				CLANG_WARN_OBJC_LITERAL_CONVERSION = YES;
				CLANG_WARN_OBJC_ROOT_CLASS = YES_ERROR;
				CLANG_WARN_QUOTED_INCLUDE_IN_FRAMEWORK_HEADER = YES;
				CLANG_WARN_RANGE_LOOP_ANALYSIS = YES;
				CLANG_WARN_STRICT_PROTOTYPES = YES;
				CLANG_WARN_SUSPICIOUS_MOVE = YES;
				CLANG_WARN_UNGUARDED_AVAILABILITY = YES_AGGRESSIVE;
				CLANG_WARN_UNREACHABLE_CODE = YES;
				CLANG_WARN__DUPLICATE_METHOD_MATCH = YES;
				COPY_PHASE_STRIP = NO;
				DEBUG_INFORMATION_FORMAT = "dwarf-with-dsym";
				ENABLE_NS_ASSERTIONS = NO;
				ENABLE_STRICT_OBJC_MSGSEND = YES;
				GCC_C_LANGUAGE_STANDARD = gnu11;
				GCC_NO_COMMON_BLOCKS = YES;
				GCC_WARN_64_TO_32_BIT_CONVERSION = YES;
				GCC_WARN_ABOUT_RETURN_TYPE = YES_ERROR;
				GCC_WARN_UNDECLARED_SELECTOR = YES;
				GCC_WARN_UNINITIALIZED_AUTOS = YES_AGGRESSIVE;
				GCC_WARN_UNUSED_FUNCTION = YES;
				GCC_WARN_UNUSED_VARIABLE = YES;
				IPHONEOS_DEPLOYMENT_TARGET = 12.0;
				MTL_ENABLE_DEBUG_INFO = NO;
				MTL_FAST_MATH = YES;
				SDKROOT = iphoneos;
				VALIDATE_PRODUCT = YES;
			};
			name = Release;
		};
		D9AD74232783E62D00916807 /* Debug */ = {
			isa = XCBuildConfiguration;
			baseConfigurationReference = E83B42FF7EA99216A3463B8F /* Pods-NvShortVideo.debug.xcconfig */;
			buildSettings = {
				ASSETCATALOG_COMPILER_APPICON_NAME = AppIcon;
				ASSETCATALOG_COMPILER_GLOBAL_ACCENT_COLOR_NAME = AccentColor;
				BUILD_LIBRARY_FOR_DISTRIBUTION = NO;
				CLANG_ALLOW_NON_MODULAR_INCLUDES_IN_FRAMEWORK_MODULES = NO;
				CLANG_WARN_DOCUMENTATION_COMMENTS = NO;
				CODE_SIGN_IDENTITY = "Apple Development";
				CODE_SIGN_STYLE = Automatic;
				CURRENT_PROJECT_VERSION = 0;
				DEVELOPMENT_TEAM = GURX554A9Q;
				ENABLE_BITCODE = NO;
				FRAMEWORK_SEARCH_PATHS = (
					"$(inherited)",
					"\"$(SRCROOT)/../../../lib/ios\"",
					"$(PROJECT_DIR)/framework",
					"\"$(SRCROOT)/../lib\"",
				);
				GENERATE_INFOPLIST_FILE = YES;
				HEADER_SEARCH_PATHS = (
					"$(inherited)",
					"\"$(SRCROOT)/../../../lib/ios/NvStreamingSdkCore.framework/Headers\"",
					"\"$(SRCROOT)/framework/NvStreamingSdkCore.framework/Headers\"",
					"\"$(SRCROOT)/../lib/NvStreamingSdkCore.framework/Headers\"",
				);
				INFOPLIST_FILE = NvShortVideo/Info.plist;
				INFOPLIST_KEY_CFBundleDisplayName = "美摄短视频";
				INFOPLIST_KEY_NSAppleMusicUsageDescription = "若不允许，您将无法导入自己的音乐，作为制作视频的背景音乐";
				INFOPLIST_KEY_NSCameraUsageDescription = "若不允许，您将无法在美摄短视频中拍摄视频或照片";
				INFOPLIST_KEY_NSMicrophoneUsageDescription = "若不允许，您将无法在美摄短视频中拍摄带有声音的视频，或者录音，也无法给制作的视频添加配音";
				INFOPLIST_KEY_NSPhotoLibraryAddUsageDescription = "若不允许，您将无法存储美摄短视频拍摄或制作的视频，也无法导入自己的照片或视频到美摄短视频";
				INFOPLIST_KEY_NSPhotoLibraryUsageDescription = "若不允许，您将无法存储美摄短视频拍摄或制作的视频，也无法导入自己的照片或视频到美摄短视频";
				INFOPLIST_KEY_UIApplicationSupportsIndirectInputEvents = YES;
				INFOPLIST_KEY_UILaunchStoryboardName = LaunchScreen;
				INFOPLIST_KEY_UIMainStoryboardFile = Main;
				INFOPLIST_KEY_UISupportedInterfaceOrientations = UIInterfaceOrientationPortrait;
				INFOPLIST_KEY_UISupportedInterfaceOrientations_iPad = "UIInterfaceOrientationPortrait UIInterfaceOrientationPortraitUpsideDown UIInterfaceOrientationLandscapeLeft UIInterfaceOrientationLandscapeRight";
				INFOPLIST_KEY_UISupportedInterfaceOrientations_iPhone = UIInterfaceOrientationPortrait;
				IPHONEOS_DEPLOYMENT_TARGET = 12.0;
				LD_RUNPATH_SEARCH_PATHS = (
					"$(inherited)",
					"@executable_path/Frameworks",
				);
				MARKETING_VERSION = 1.2.1;
				PRODUCT_BUNDLE_IDENTIFIER = com.meishe.duanshipindemo;
				PRODUCT_NAME = "$(TARGET_NAME)";
				PROVISIONING_PROFILE_SPECIFIER = "";
				SWIFT_EMIT_LOC_STRINGS = YES;
				SWIFT_OBJC_BRIDGING_HEADER = "";
				SWIFT_OBJC_INTERFACE_HEADER_NAME = "";
				SWIFT_VERSION = 5.0;
				TARGETED_DEVICE_FAMILY = 1;
			};
			name = Debug;
		};
		D9AD74242783E62D00916807 /* Release */ = {
			isa = XCBuildConfiguration;
			baseConfigurationReference = BF5C4D801B963DD082A11938 /* Pods-NvShortVideo.release.xcconfig */;
			buildSettings = {
				ASSETCATALOG_COMPILER_APPICON_NAME = AppIcon;
				ASSETCATALOG_COMPILER_GLOBAL_ACCENT_COLOR_NAME = AccentColor;
				BUILD_LIBRARY_FOR_DISTRIBUTION = NO;
				CLANG_ALLOW_NON_MODULAR_INCLUDES_IN_FRAMEWORK_MODULES = NO;
				CLANG_WARN_DOCUMENTATION_COMMENTS = NO;
				CODE_SIGN_IDENTITY = "Apple Development";
				CODE_SIGN_STYLE = Automatic;
				CURRENT_PROJECT_VERSION = 0;
				DEVELOPMENT_TEAM = GURX554A9Q;
				ENABLE_BITCODE = NO;
				FRAMEWORK_SEARCH_PATHS = (
					"$(inherited)",
					"\"$(SRCROOT)/../../../lib/ios\"",
					"$(PROJECT_DIR)/framework",
					"\"$(SRCROOT)/../lib\"",
				);
				GENERATE_INFOPLIST_FILE = YES;
				HEADER_SEARCH_PATHS = (
					"$(inherited)",
					"\"$(SRCROOT)/../../../lib/ios/NvStreamingSdkCore.framework/Headers\"",
					"\"$(SRCROOT)/framework/NvStreamingSdkCore.framework/Headers\"",
					"\"$(SRCROOT)/../lib/NvStreamingSdkCore.framework/Headers\"",
				);
				INFOPLIST_FILE = NvShortVideo/Info.plist;
				INFOPLIST_KEY_CFBundleDisplayName = "美摄短视频";
				INFOPLIST_KEY_NSAppleMusicUsageDescription = "若不允许，您将无法导入自己的音乐，作为制作视频的背景音乐";
				INFOPLIST_KEY_NSCameraUsageDescription = "若不允许，您将无法在美摄短视频中拍摄视频或照片";
				INFOPLIST_KEY_NSMicrophoneUsageDescription = "若不允许，您将无法在美摄短视频中拍摄带有声音的视频，或者录音，也无法给制作的视频添加配音";
				INFOPLIST_KEY_NSPhotoLibraryAddUsageDescription = "若不允许，您将无法存储美摄短视频拍摄或制作的视频，也无法导入自己的照片或视频到美摄短视频";
				INFOPLIST_KEY_NSPhotoLibraryUsageDescription = "若不允许，您将无法存储美摄短视频拍摄或制作的视频，也无法导入自己的照片或视频到美摄短视频";
				INFOPLIST_KEY_UIApplicationSupportsIndirectInputEvents = YES;
				INFOPLIST_KEY_UILaunchStoryboardName = LaunchScreen;
				INFOPLIST_KEY_UIMainStoryboardFile = Main;
				INFOPLIST_KEY_UISupportedInterfaceOrientations = UIInterfaceOrientationPortrait;
				INFOPLIST_KEY_UISupportedInterfaceOrientations_iPad = "UIInterfaceOrientationPortrait UIInterfaceOrientationPortraitUpsideDown UIInterfaceOrientationLandscapeLeft UIInterfaceOrientationLandscapeRight";
				INFOPLIST_KEY_UISupportedInterfaceOrientations_iPhone = UIInterfaceOrientationPortrait;
				IPHONEOS_DEPLOYMENT_TARGET = 12.0;
				LD_RUNPATH_SEARCH_PATHS = (
					"$(inherited)",
					"@executable_path/Frameworks",
				);
				MARKETING_VERSION = 1.2.1;
				PRODUCT_BUNDLE_IDENTIFIER = com.meishe.duanshipindemo;
				PRODUCT_NAME = "$(TARGET_NAME)";
				PROVISIONING_PROFILE_SPECIFIER = "";
				SWIFT_EMIT_LOC_STRINGS = YES;
				SWIFT_OBJC_BRIDGING_HEADER = "";
				SWIFT_OBJC_INTERFACE_HEADER_NAME = "";
				SWIFT_VERSION = 5.0;
				TARGETED_DEVICE_FAMILY = 1;
			};
			name = Release;
		};
/* End XCBuildConfiguration section */

/* Begin XCConfigurationList section */
		D9AD74042783E62700916807 /* Build configuration list for PBXProject "NvShortVideo" */ = {
			isa = XCConfigurationList;
			buildConfigurations = (
				D9AD74202783E62D00916807 /* Debug */,
				D9AD74212783E62D00916807 /* Release */,
			);
			defaultConfigurationIsVisible = 0;
			defaultConfigurationName = Release;
		};
		D9AD74222783E62D00916807 /* Build configuration list for PBXNativeTarget "NvShortVideo" */ = {
			isa = XCConfigurationList;
			buildConfigurations = (
				D9AD74232783E62D00916807 /* Debug */,
				D9AD74242783E62D00916807 /* Release */,
			);
			defaultConfigurationIsVisible = 0;
			defaultConfigurationName = Release;
		};
/* End XCConfigurationList section */
	};
	rootObject = D9AD74012783E62700916807 /* Project object */;
}
